
Microsoft Visual Studio Solution File, Format Version 12.00
# Visual Studio 15
VisualStudioVersion = 15.0.28307.421
MinimumVisualStudioVersion = 10.0.40219.1
Project("{FAE04EC0-301F-11D3-BF4B-00C04F79EFBC}") = "SiteParcer", "SiteParcer\SiteParcer.csproj", "{6299D43C-B16A-4A59-B0BD-5239ED37A0C0}"
EndProject
Project("{FAE04EC0-301F-11D3-BF4B-00C04F79EFBC}") = "QueueListener", "QueueListener\QueueListener.csproj", "{6B74F356-082F-4B7A-890A-AE8EE69A1AFE}"
EndProject
Project("{FAE04EC0-301F-11D3-BF4B-00C04F79EFBC}") = "DTO", "DTO\DTO.csproj", "{4DD4794F-F342-475F-8AB1-202830115BD8}"
EndProject
Project("{FAE04EC0-301F-11D3-BF4B-00C04F79EFBC}") = "DAL", "DAL\DAL.csproj", "{E3F88D8E-2303-40DB-878C-106AB890F23E}"
EndProject
Project("{FAE04EC0-301F-11D3-BF4B-00C04F79EFBC}") = "GraphQLService", "GraphQLService\GraphQLService.csproj", "{A9BBD86C-4A5D-4506-8A7C-5129E5267D51}"
EndProject
Global
	GlobalSection(SolutionConfigurationPlatforms) = preSolution
		Debug|Any CPU = Debug|Any CPU
		Release|Any CPU = Release|Any CPU
	EndGlobalSection
	GlobalSection(ProjectConfigurationPlatforms) = postSolution
		{6299D43C-B16A-4A59-B0BD-5239ED37A0C0}.Debug|Any CPU.ActiveCfg = Debug|Any CPU
		{6299D43C-B16A-4A59-B0BD-5239ED37A0C0}.Debug|Any CPU.Build.0 = Debug|Any CPU
		{6299D43C-B16A-4A59-B0BD-5239ED37A0C0}.Release|Any CPU.ActiveCfg = Release|Any CPU
		{6299D43C-B16A-4A59-B0BD-5239ED37A0C0}.Release|Any CPU.Build.0 = Release|Any CPU
		{6B74F356-082F-4B7A-890A-AE8EE69A1AFE}.Debug|Any CPU.ActiveCfg = Debug|Any CPU
		{6B74F356-082F-4B7A-890A-AE8EE69A1AFE}.Debug|Any CPU.Build.0 = Debug|Any CPU
		{6B74F356-082F-4B7A-890A-AE8EE69A1AFE}.Release|Any CPU.ActiveCfg = Release|Any CPU
		{6B74F356-082F-4B7A-890A-AE8EE69A1AFE}.Release|Any CPU.Build.0 = Release|Any CPU
		{4DD4794F-F342-475F-8AB1-202830115BD8}.Debug|Any CPU.ActiveCfg = Debug|Any CPU
		{4DD4794F-F342-475F-8AB1-202830115BD8}.Debug|Any CPU.Build.0 = Debug|Any CPU
		{4DD4794F-F342-475F-8AB1-202830115BD8}.Release|Any CPU.ActiveCfg = Release|Any CPU
		{4DD4794F-F342-475F-8AB1-202830115BD8}.Release|Any CPU.Build.0 = Release|Any CPU
		{E3F88D8E-2303-40DB-878C-106AB890F23E}.Debug|Any CPU.ActiveCfg = Debug|Any CPU
		{E3F88D8E-2303-40DB-878C-106AB890F23E}.Debug|Any CPU.Build.0 = Debug|Any CPU
		{E3F88D8E-2303-40DB-878C-106AB890F23E}.Release|Any CPU.ActiveCfg = Release|Any CPU
		{E3F88D8E-2303-40DB-878C-106AB890F23E}.Release|Any CPU.Build.0 = Release|Any CPU
		{A9BBD86C-4A5D-4506-8A7C-5129E5267D51}.Debug|Any CPU.ActiveCfg = Debug|Any CPU
		{A9BBD86C-4A5D-4506-8A7C-5129E5267D51}.Debug|Any CPU.Build.0 = Debug|Any CPU
		{A9BBD86C-4A5D-4506-8A7C-5129E5267D51}.Release|Any CPU.ActiveCfg = Release|Any CPU
		{A9BBD86C-4A5D-4506-8A7C-5129E5267D51}.Release|Any CPU.Build.0 = Release|Any CPU
	EndGlobalSection
	GlobalSection(SolutionProperties) = preSolution
		HideSolutionNode = FALSE
	EndGlobalSection
	GlobalSection(ExtensibilityGlobals) = postSolution
		SolutionGuid = {7347FFD2-F68B-4B49-8147-56E6A4B9EAE2}
	EndGlobalSection
EndGlobal
